
Microsoft Visual Studio Solution File, Format Version 12.00
# Visual Studio 15
VisualStudioVersion = 15.0.28307.1267
MinimumVisualStudioVersion = 10.0.40219.1
Project("{FAE04EC0-301F-11D3-BF4B-00C04F79EFBC}") = "FormManagement", "FormManagement\FormManagement.csproj", "{9EC1641D-31C1-4C2C-A221-9E80750E121F}"
EndProject
Project("{FAE04EC0-301F-11D3-BF4B-00C04F79EFBC}") = "FormManagement.Domain", "FormManagement.Domain\FormManagement.Domain.csproj", "{93B71B8C-6A58-42CB-856A-E40AB5FC32DC}"
EndProject
Project("{FAE04EC0-301F-11D3-BF4B-00C04F79EFBC}") = "FormManagement.DAL", "FormManagement.DAL\FormManagement.DAL.csproj", "{C4BBED35-7F54-4D09-8AE9-C50F4003E322}"
EndProject
Global
	GlobalSection(SolutionConfigurationPlatforms) = preSolution
		Debug|Any CPU = Debug|Any CPU
		Release|Any CPU = Release|Any CPU
	EndGlobalSection
	GlobalSection(ProjectConfigurationPlatforms) = postSolution
		{9EC1641D-31C1-4C2C-A221-9E80750E121F}.Debug|Any CPU.ActiveCfg = Debug|Any CPU
		{9EC1641D-31C1-4C2C-A221-9E80750E121F}.Debug|Any CPU.Build.0 = Debug|Any CPU
		{9EC1641D-31C1-4C2C-A221-9E80750E121F}.Release|Any CPU.ActiveCfg = Release|Any CPU
		{9EC1641D-31C1-4C2C-A221-9E80750E121F}.Release|Any CPU.Build.0 = Release|Any CPU
		{93B71B8C-6A58-42CB-856A-E40AB5FC32DC}.Debug|Any CPU.ActiveCfg = Debug|Any CPU
		{93B71B8C-6A58-42CB-856A-E40AB5FC32DC}.Debug|Any CPU.Build.0 = Debug|Any CPU
		{93B71B8C-6A58-42CB-856A-E40AB5FC32DC}.Release|Any CPU.ActiveCfg = Release|Any CPU
		{93B71B8C-6A58-42CB-856A-E40AB5FC32DC}.Release|Any CPU.Build.0 = Release|Any CPU
		{C4BBED35-7F54-4D09-8AE9-C50F4003E322}.Debug|Any CPU.ActiveCfg = Debug|Any CPU
		{C4BBED35-7F54-4D09-8AE9-C50F4003E322}.Debug|Any CPU.Build.0 = Debug|Any CPU
		{C4BBED35-7F54-4D09-8AE9-C50F4003E322}.Release|Any CPU.ActiveCfg = Release|Any CPU
		{C4BBED35-7F54-4D09-8AE9-C50F4003E322}.Release|Any CPU.Build.0 = Release|Any CPU
	EndGlobalSection
	GlobalSection(SolutionProperties) = preSolution
		HideSolutionNode = FALSE
	EndGlobalSection
	GlobalSection(ExtensibilityGlobals) = postSolution
		SolutionGuid = {44670571-F2C0-4A35-BC7E-DE4CCEF0B169}
	EndGlobalSection
EndGlobal
